// !$*UTF8*$!
{
	archiveVersion = 1;
	classes = {
	};
	objectVersion = 50;
	objects = {

/* Begin PBXBuildFile section */
		D503949D2662A5BC00143FE1 /* WelcomeTranslationViewController.swift in Sources */ = {isa = PBXBuildFile; fileRef = D503949C2662A5BC00143FE1 /* WelcomeTranslationViewController.swift */; };
		D51AD14C27F4EA2000371B37 /* WelcomeMeteoViewController.swift in Sources */ = {isa = PBXBuildFile; fileRef = D51AD14B27F4EA2000371B37 /* WelcomeMeteoViewController.swift */; };
		D51AD14E27F4EA6E00371B37 /* MeteoViewController.swift in Sources */ = {isa = PBXBuildFile; fileRef = D51AD14D27F4EA6E00371B37 /* MeteoViewController.swift */; };
		D51E7F6C2757C7EE006804E0 /* Conversion.swift in Sources */ = {isa = PBXBuildFile; fileRef = D51E7F6B2757C7EE006804E0 /* Conversion.swift */; };
		D51E7F6E2757FE69006804E0 /* Translation.swift in Sources */ = {isa = PBXBuildFile; fileRef = D51E7F6D2757FE69006804E0 /* Translation.swift */; };
		D54C8A3A2662D196001AD099 /* WelcomeConversionViewController.swift in Sources */ = {isa = PBXBuildFile; fileRef = D54C8A392662D196001AD099 /* WelcomeConversionViewController.swift */; };
		D55BCD2927BE9F9100B51DAA /* xcuserdata.swift in Sources */ = {isa = PBXBuildFile; fileRef = D55BCD2827BE9F9100B51DAA /* xcuserdata.swift */; };
		D574BC3C273076FA006B3FD5 /* TranslationService.swift in Sources */ = {isa = PBXBuildFile; fileRef = D574BC3B273076FA006B3FD5 /* TranslationService.swift */; };
		D574BC3E2730772A006B3FD5 /* ConversionService.swift in Sources */ = {isa = PBXBuildFile; fileRef = D574BC3D2730772A006B3FD5 /* ConversionService.swift */; };
		D579CFD827D39809003FADFA /* ConversionViewController.swift in Sources */ = {isa = PBXBuildFile; fileRef = D579CFD727D39809003FADFA /* ConversionViewController.swift */; };
		D5B3C6BA27F7935100EF21BE /* Meteo.swift in Sources */ = {isa = PBXBuildFile; fileRef = D5B3C6B927F7935100EF21BE /* Meteo.swift */; };
		D5C82C7226656E5300C11771 /* TranslationViewController.swift in Sources */ = {isa = PBXBuildFile; fileRef = D5C82C7126656E5300C11771 /* TranslationViewController.swift */; };
		D5E38E8427FA31E60003B519 /* TranslationServiceTestCase.swift in Sources */ = {isa = PBXBuildFile; fileRef = D5E38E8327FA31E60003B519 /* TranslationServiceTestCase.swift */; };
		D5E38E8627FA32140003B519 /* ConversionServiceTestCase.swift in Sources */ = {isa = PBXBuildFile; fileRef = D5E38E8527FA32140003B519 /* ConversionServiceTestCase.swift */; };
		D5E38E8827FA323E0003B519 /* MeteoServiceTestCase.swift in Sources */ = {isa = PBXBuildFile; fileRef = D5E38E8727FA323E0003B519 /* MeteoServiceTestCase.swift */; };
		D5E9EFBD265EC192005E57EA /* AppDelegate.swift in Sources */ = {isa = PBXBuildFile; fileRef = D5E9EFBC265EC192005E57EA /* AppDelegate.swift */; };
		D5E9EFBF265EC192005E57EA /* SceneDelegate.swift in Sources */ = {isa = PBXBuildFile; fileRef = D5E9EFBE265EC192005E57EA /* SceneDelegate.swift */; };
		D5E9EFC4265EC192005E57EA /* Main.storyboard in Resources */ = {isa = PBXBuildFile; fileRef = D5E9EFC2265EC192005E57EA /* Main.storyboard */; };
		D5E9EFC6265EC193005E57EA /* Assets.xcassets in Resources */ = {isa = PBXBuildFile; fileRef = D5E9EFC5265EC193005E57EA /* Assets.xcassets */; };
		D5E9EFC9265EC193005E57EA /* LaunchScreen.storyboard in Resources */ = {isa = PBXBuildFile; fileRef = D5E9EFC7265EC193005E57EA /* LaunchScreen.storyboard */; };
		D5FB923D27F1BD4A00FBE869 /* MeteoService.swift in Sources */ = {isa = PBXBuildFile; fileRef = D5FB923C27F1BD4A00FBE869 /* MeteoService.swift */; };
/* End PBXBuildFile section */

/* Begin PBXContainerItemProxy section */
		D5E38E7C27F9ECEB0003B519 /* PBXContainerItemProxy */ = {
			isa = PBXContainerItemProxy;
			containerPortal = D5E9EFB1265EC192005E57EA /* Project object */;
			proxyType = 1;
			remoteGlobalIDString = D5E9EFB8265EC192005E57EA;
			remoteInfo = MonBalluchon;
		};
/* End PBXContainerItemProxy section */

/* Begin PBXFileReference section */
		D503949C2662A5BC00143FE1 /* WelcomeTranslationViewController.swift */ = {isa = PBXFileReference; lastKnownFileType = sourcecode.swift; path = WelcomeTranslationViewController.swift; sourceTree = "<group>"; };
		D51AD14B27F4EA2000371B37 /* WelcomeMeteoViewController.swift */ = {isa = PBXFileReference; lastKnownFileType = sourcecode.swift; path = WelcomeMeteoViewController.swift; sourceTree = "<group>"; };
		D51AD14D27F4EA6E00371B37 /* MeteoViewController.swift */ = {isa = PBXFileReference; lastKnownFileType = sourcecode.swift; path = MeteoViewController.swift; sourceTree = "<group>"; };
		D51E7F6B2757C7EE006804E0 /* Conversion.swift */ = {isa = PBXFileReference; lastKnownFileType = sourcecode.swift; path = Conversion.swift; sourceTree = "<group>"; };
		D51E7F6D2757FE69006804E0 /* Translation.swift */ = {isa = PBXFileReference; lastKnownFileType = sourcecode.swift; path = Translation.swift; sourceTree = "<group>"; };
		D54C8A392662D196001AD099 /* WelcomeConversionViewController.swift */ = {isa = PBXFileReference; lastKnownFileType = sourcecode.swift; path = WelcomeConversionViewController.swift; sourceTree = "<group>"; };
		D55BCD2827BE9F9100B51DAA /* xcuserdata.swift */ = {isa = PBXFileReference; lastKnownFileType = sourcecode.swift; path = xcuserdata.swift; sourceTree = "<group>"; };
		D574BC3B273076FA006B3FD5 /* TranslationService.swift */ = {isa = PBXFileReference; lastKnownFileType = sourcecode.swift; path = TranslationService.swift; sourceTree = "<group>"; };
		D574BC3D2730772A006B3FD5 /* ConversionService.swift */ = {isa = PBXFileReference; lastKnownFileType = sourcecode.swift; path = ConversionService.swift; sourceTree = "<group>"; };
		D579CFD727D39809003FADFA /* ConversionViewController.swift */ = {isa = PBXFileReference; lastKnownFileType = sourcecode.swift; name = ConversionViewController.swift; path = ../../../../ConversionViewController.swift; sourceTree = "<group>"; };
		D5B3C6B927F7935100EF21BE /* Meteo.swift */ = {isa = PBXFileReference; lastKnownFileType = sourcecode.swift; path = Meteo.swift; sourceTree = "<group>"; };
		D5C82C7126656E5300C11771 /* TranslationViewController.swift */ = {isa = PBXFileReference; lastKnownFileType = sourcecode.swift; path = TranslationViewController.swift; sourceTree = "<group>"; };
		D5E38E7827F9ECEB0003B519 /* MonBalluchonTests.xctest */ = {isa = PBXFileReference; explicitFileType = wrapper.cfbundle; includeInIndex = 0; path = MonBalluchonTests.xctest; sourceTree = BUILT_PRODUCTS_DIR; };
		D5E38E8327FA31E60003B519 /* TranslationServiceTestCase.swift */ = {isa = PBXFileReference; lastKnownFileType = sourcecode.swift; path = TranslationServiceTestCase.swift; sourceTree = "<group>"; };
		D5E38E8527FA32140003B519 /* ConversionServiceTestCase.swift */ = {isa = PBXFileReference; lastKnownFileType = sourcecode.swift; path = ConversionServiceTestCase.swift; sourceTree = "<group>"; };
		D5E38E8727FA323E0003B519 /* MeteoServiceTestCase.swift */ = {isa = PBXFileReference; lastKnownFileType = sourcecode.swift; path = MeteoServiceTestCase.swift; sourceTree = "<group>"; };
		D5E9EFB9265EC192005E57EA /* MonBalluchon.app */ = {isa = PBXFileReference; explicitFileType = wrapper.application; includeInIndex = 0; path = MonBalluchon.app; sourceTree = BUILT_PRODUCTS_DIR; };
		D5E9EFBC265EC192005E57EA /* AppDelegate.swift */ = {isa = PBXFileReference; lastKnownFileType = sourcecode.swift; path = AppDelegate.swift; sourceTree = "<group>"; };
		D5E9EFBE265EC192005E57EA /* SceneDelegate.swift */ = {isa = PBXFileReference; lastKnownFileType = sourcecode.swift; path = SceneDelegate.swift; sourceTree = "<group>"; };
		D5E9EFC3265EC192005E57EA /* Base */ = {isa = PBXFileReference; lastKnownFileType = file.storyboard; name = Base; path = Base.lproj/Main.storyboard; sourceTree = "<group>"; };
		D5E9EFC5265EC193005E57EA /* Assets.xcassets */ = {isa = PBXFileReference; lastKnownFileType = folder.assetcatalog; path = Assets.xcassets; sourceTree = "<group>"; };
		D5E9EFC8265EC193005E57EA /* Base */ = {isa = PBXFileReference; lastKnownFileType = file.storyboard; name = Base; path = Base.lproj/LaunchScreen.storyboard; sourceTree = "<group>"; };
		D5E9EFCA265EC193005E57EA /* Info.plist */ = {isa = PBXFileReference; lastKnownFileType = text.plist.xml; path = Info.plist; sourceTree = "<group>"; };
		D5FB923C27F1BD4A00FBE869 /* MeteoService.swift */ = {isa = PBXFileReference; lastKnownFileType = sourcecode.swift; path = MeteoService.swift; sourceTree = "<group>"; };
/* End PBXFileReference section */

/* Begin PBXFrameworksBuildPhase section */
		D5E38E7527F9ECEB0003B519 /* Frameworks */ = {
			isa = PBXFrameworksBuildPhase;
			buildActionMask = 2147483647;
			files = (
			);
			runOnlyForDeploymentPostprocessing = 0;
		};
		D5E9EFB6265EC192005E57EA /* Frameworks */ = {
			isa = PBXFrameworksBuildPhase;
			buildActionMask = 2147483647;
			files = (
			);
			runOnlyForDeploymentPostprocessing = 0;
		};
/* End PBXFrameworksBuildPhase section */

/* Begin PBXGroup section */
		D55BCD2727BE9F0F00B51DAA /* xcuserdata */ = {
			isa = PBXGroup;
			children = (
				D55BCD2827BE9F9100B51DAA /* xcuserdata.swift */,
			);
			path = xcuserdata;
			sourceTree = "<group>";
		};
		D570150726657F28000B50D7 /* View */ = {
			isa = PBXGroup;
			children = (
				D5E9EFC7265EC193005E57EA /* LaunchScreen.storyboard */,
				D5E9EFC2265EC192005E57EA /* Main.storyboard */,
			);
			path = View;
			sourceTree = "<group>";
		};
		D570150826657F39000B50D7 /* Controller */ = {
			isa = PBXGroup;
			children = (
				D54C8A392662D196001AD099 /* WelcomeConversionViewController.swift */,
				D579CFD727D39809003FADFA /* ConversionViewController.swift */,
				D503949C2662A5BC00143FE1 /* WelcomeTranslationViewController.swift */,
				D5C82C7126656E5300C11771 /* TranslationViewController.swift */,
				D51AD14B27F4EA2000371B37 /* WelcomeMeteoViewController.swift */,
				D51AD14D27F4EA6E00371B37 /* MeteoViewController.swift */,
			);
			path = Controller;
			sourceTree = "<group>";
		};
		D570150926657FCB000B50D7 /* Model */ = {
			isa = PBXGroup;
			children = (
				D5FB923C27F1BD4A00FBE869 /* MeteoService.swift */,
				D5B3C6B927F7935100EF21BE /* Meteo.swift */,
				D574BC3B273076FA006B3FD5 /* TranslationService.swift */,
				D51E7F6D2757FE69006804E0 /* Translation.swift */,
				D574BC3D2730772A006B3FD5 /* ConversionService.swift */,
				D51E7F6B2757C7EE006804E0 /* Conversion.swift */,
				D55BCD2727BE9F0F00B51DAA /* xcuserdata */,
			);
			path = Model;
			sourceTree = "<group>";
		};
		D5E38E7927F9ECEB0003B519 /* MonBalluchonTests */ = {
			isa = PBXGroup;
			children = (
				D5E38E8327FA31E60003B519 /* TranslationServiceTestCase.swift */,
				D5E38E8527FA32140003B519 /* ConversionServiceTestCase.swift */,
				D5E38E8727FA323E0003B519 /* MeteoServiceTestCase.swift */,
			);
			path = MonBalluchonTests;
			sourceTree = "<group>";
		};
		D5E9EFB0265EC192005E57EA = {
			isa = PBXGroup;
			children = (
				D5E9EFBB265EC192005E57EA /* MonBalluchon */,
				D5E38E7927F9ECEB0003B519 /* MonBalluchonTests */,
				D5E9EFBA265EC192005E57EA /* Products */,
			);
			sourceTree = "<group>";
		};
		D5E9EFBA265EC192005E57EA /* Products */ = {
			isa = PBXGroup;
			children = (
				D5E9EFB9265EC192005E57EA /* MonBalluchon.app */,
				D5E38E7827F9ECEB0003B519 /* MonBalluchonTests.xctest */,
			);
			name = Products;
			sourceTree = "<group>";
		};
		D5E9EFBB265EC192005E57EA /* MonBalluchon */ = {
			isa = PBXGroup;
			children = (
				D570150926657FCB000B50D7 /* Model */,
				D570150726657F28000B50D7 /* View */,
				D570150826657F39000B50D7 /* Controller */,
				D5E9EFBC265EC192005E57EA /* AppDelegate.swift */,
				D5E9EFBE265EC192005E57EA /* SceneDelegate.swift */,
				D5E9EFC5265EC193005E57EA /* Assets.xcassets */,
				D5E9EFCA265EC193005E57EA /* Info.plist */,
			);
			path = MonBalluchon;
			sourceTree = "<group>";
		};
/* End PBXGroup section */

/* Begin PBXNativeTarget section */
		D5E38E7727F9ECEB0003B519 /* MonBalluchonTests */ = {
			isa = PBXNativeTarget;
			buildConfigurationList = D5E38E8027F9ECEB0003B519 /* Build configuration list for PBXNativeTarget "MonBalluchonTests" */;
			buildPhases = (
				D5E38E7427F9ECEB0003B519 /* Sources */,
				D5E38E7527F9ECEB0003B519 /* Frameworks */,
				D5E38E7627F9ECEB0003B519 /* Resources */,
			);
			buildRules = (
			);
			dependencies = (
				D5E38E7D27F9ECEB0003B519 /* PBXTargetDependency */,
			);
			name = MonBalluchonTests;
			productName = MonBalluchonTests;
			productReference = D5E38E7827F9ECEB0003B519 /* MonBalluchonTests.xctest */;
			productType = "com.apple.product-type.bundle.unit-test";
		};
		D5E9EFB8265EC192005E57EA /* MonBalluchon */ = {
			isa = PBXNativeTarget;
			buildConfigurationList = D5E9EFCD265EC193005E57EA /* Build configuration list for PBXNativeTarget "MonBalluchon" */;
			buildPhases = (
				D5E9EFB5265EC192005E57EA /* Sources */,
				D5E9EFB6265EC192005E57EA /* Frameworks */,
				D5E9EFB7265EC192005E57EA /* Resources */,
			);
			buildRules = (
			);
			dependencies = (
			);
			name = MonBalluchon;
			productName = MonBalluchon;
			productReference = D5E9EFB9265EC192005E57EA /* MonBalluchon.app */;
			productType = "com.apple.product-type.application";
		};
/* End PBXNativeTarget section */

/* Begin PBXProject section */
		D5E9EFB1265EC192005E57EA /* Project object */ = {
			isa = PBXProject;
			attributes = {
				LastSwiftUpdateCheck = 1330;
				LastUpgradeCheck = 1240;
				TargetAttributes = {
					D5E38E7727F9ECEB0003B519 = {
						CreatedOnToolsVersion = 13.3;
						TestTargetID = D5E9EFB8265EC192005E57EA;
					};
					D5E9EFB8265EC192005E57EA = {
						CreatedOnToolsVersion = 12.4;
					};
				};
			};
			buildConfigurationList = D5E9EFB4265EC192005E57EA /* Build configuration list for PBXProject "MonBalluchon" */;
			compatibilityVersion = "Xcode 9.3";
			developmentRegion = en;
			hasScannedForEncodings = 0;
			knownRegions = (
				en,
				Base,
			);
			mainGroup = D5E9EFB0265EC192005E57EA;
			productRefGroup = D5E9EFBA265EC192005E57EA /* Products */;
			projectDirPath = "";
			projectRoot = "";
			targets = (
				D5E9EFB8265EC192005E57EA /* MonBalluchon */,
				D5E38E7727F9ECEB0003B519 /* MonBalluchonTests */,
			);
		};
/* End PBXProject section */

/* Begin PBXResourcesBuildPhase section */
		D5E38E7627F9ECEB0003B519 /* Resources */ = {
			isa = PBXResourcesBuildPhase;
			buildActionMask = 2147483647;
			files = (
			);
			runOnlyForDeploymentPostprocessing = 0;
		};
		D5E9EFB7265EC192005E57EA /* Resources */ = {
			isa = PBXResourcesBuildPhase;
			buildActionMask = 2147483647;
			files = (
				D5E9EFC9265EC193005E57EA /* LaunchScreen.storyboard in Resources */,
				D5E9EFC6265EC193005E57EA /* Assets.xcassets in Resources */,
				D5E9EFC4265EC192005E57EA /* Main.storyboard in Resources */,
			);
			runOnlyForDeploymentPostprocessing = 0;
		};
/* End PBXResourcesBuildPhase section */

/* Begin PBXSourcesBuildPhase section */
		D5E38E7427F9ECEB0003B519 /* Sources */ = {
			isa = PBXSourcesBuildPhase;
			buildActionMask = 2147483647;
			files = (
				D5E38E8627FA32140003B519 /* ConversionServiceTestCase.swift in Sources */,
				D5E38E8427FA31E60003B519 /* TranslationServiceTestCase.swift in Sources */,
				D5E38E8827FA323E0003B519 /* MeteoServiceTestCase.swift in Sources */,
			);
			runOnlyForDeploymentPostprocessing = 0;
		};
		D5E9EFB5265EC192005E57EA /* Sources */ = {
			isa = PBXSourcesBuildPhase;
			buildActionMask = 2147483647;
			files = (
				D574BC3C273076FA006B3FD5 /* TranslationService.swift in Sources */,
				D574BC3E2730772A006B3FD5 /* ConversionService.swift in Sources */,
				D55BCD2927BE9F9100B51DAA /* xcuserdata.swift in Sources */,
				D5B3C6BA27F7935100EF21BE /* Meteo.swift in Sources */,
				D579CFD827D39809003FADFA /* ConversionViewController.swift in Sources */,
				D54C8A3A2662D196001AD099 /* WelcomeConversionViewController.swift in Sources */,
				D51AD14C27F4EA2000371B37 /* WelcomeMeteoViewController.swift in Sources */,
				D5C82C7226656E5300C11771 /* TranslationViewController.swift in Sources */,
				D5E9EFBD265EC192005E57EA /* AppDelegate.swift in Sources */,
				D5E9EFBF265EC192005E57EA /* SceneDelegate.swift in Sources */,
				D5FB923D27F1BD4A00FBE869 /* MeteoService.swift in Sources */,
				D51E7F6C2757C7EE006804E0 /* Conversion.swift in Sources */,
				D51AD14E27F4EA6E00371B37 /* MeteoViewController.swift in Sources */,
				D503949D2662A5BC00143FE1 /* WelcomeTranslationViewController.swift in Sources */,
				D51E7F6E2757FE69006804E0 /* Translation.swift in Sources */,
			);
			runOnlyForDeploymentPostprocessing = 0;
		};
/* End PBXSourcesBuildPhase section */

/* Begin PBXTargetDependency section */
		D5E38E7D27F9ECEB0003B519 /* PBXTargetDependency */ = {
			isa = PBXTargetDependency;
			target = D5E9EFB8265EC192005E57EA /* MonBalluchon */;
			targetProxy = D5E38E7C27F9ECEB0003B519 /* PBXContainerItemProxy */;
		};
/* End PBXTargetDependency section */

/* Begin PBXVariantGroup section */
		D5E9EFC2265EC192005E57EA /* Main.storyboard */ = {
			isa = PBXVariantGroup;
			children = (
				D5E9EFC3265EC192005E57EA /* Base */,
			);
			name = Main.storyboard;
			sourceTree = "<group>";
		};
		D5E9EFC7265EC193005E57EA /* LaunchScreen.storyboard */ = {
			isa = PBXVariantGroup;
			children = (
				D5E9EFC8265EC193005E57EA /* Base */,
			);
			name = LaunchScreen.storyboard;
			sourceTree = "<group>";
		};
/* End PBXVariantGroup section */

/* Begin XCBuildConfiguration section */
		D5E38E7E27F9ECEB0003B519 /* Debug */ = {
			isa = XCBuildConfiguration;
			buildSettings = {
				BUNDLE_LOADER = "$(TEST_HOST)";
				CLANG_CXX_LANGUAGE_STANDARD = "gnu++17";
				CODE_SIGN_STYLE = Automatic;
				CURRENT_PROJECT_VERSION = 1;
				DEVELOPMENT_TEAM = N7K7YA2M3Y;
				GENERATE_INFOPLIST_FILE = YES;
				IPHONEOS_DEPLOYMENT_TARGET = 15.4;
				MARKETING_VERSION = 1.0;
				PRODUCT_BUNDLE_IDENTIFIER = com.armellelecerf.MonBalluchonTests;
				PRODUCT_NAME = "$(TARGET_NAME)";
				SWIFT_EMIT_LOC_STRINGS = NO;
				SWIFT_VERSION = 5.0;
				TARGETED_DEVICE_FAMILY = "1,2";
				TEST_HOST = "$(BUILT_PRODUCTS_DIR)/MonBalluchon.app/MonBalluchon";
			};
			name = Debug;
		};
		D5E38E7F27F9ECEB0003B519 /* Release */ = {
			isa = XCBuildConfiguration;
			buildSettings = {
				BUNDLE_LOADER = "$(TEST_HOST)";
				CLANG_CXX_LANGUAGE_STANDARD = "gnu++17";
				CODE_SIGN_STYLE = Automatic;
				CURRENT_PROJECT_VERSION = 1;
				DEVELOPMENT_TEAM = N7K7YA2M3Y;
				GENERATE_INFOPLIST_FILE = YES;
				IPHONEOS_DEPLOYMENT_TARGET = 15.4;
				MARKETING_VERSION = 1.0;
				PRODUCT_BUNDLE_IDENTIFIER = com.armellelecerf.MonBalluchonTests;
				PRODUCT_NAME = "$(TARGET_NAME)";
				SWIFT_EMIT_LOC_STRINGS = NO;
				SWIFT_VERSION = 5.0;
				TARGETED_DEVICE_FAMILY = "1,2";
				TEST_HOST = "$(BUILT_PRODUCTS_DIR)/MonBalluchon.app/MonBalluchon";
			};
			name = Release;
		};
		D5E9EFCB265EC193005E57EA /* Debug */ = {
			isa = XCBuildConfiguration;
			buildSettings = {
				ALWAYS_SEARCH_USER_PATHS = NO;
				CLANG_ANALYZER_NONNULL = YES;
				CLANG_ANALYZER_NUMBER_OBJECT_CONVERSION = YES_AGGRESSIVE;
				CLANG_CXX_LANGUAGE_STANDARD = "gnu++14";
				CLANG_CXX_LIBRARY = "libc++";
				CLANG_ENABLE_MODULES = YES;
				CLANG_ENABLE_OBJC_ARC = YES;
				CLANG_ENABLE_OBJC_WEAK = YES;
				CLANG_WARN_BLOCK_CAPTURE_AUTORELEASING = YES;
				CLANG_WARN_BOOL_CONVERSION = YES;
				CLANG_WARN_COMMA = YES;
				CLANG_WARN_CONSTANT_CONVERSION = YES;
				CLANG_WARN_DEPRECATED_OBJC_IMPLEMENTATIONS = YES;
				CLANG_WARN_DIRECT_OBJC_ISA_USAGE = YES_ERROR;
				CLANG_WARN_DOCUMENTATION_COMMENTS = YES;
				CLANG_WARN_EMPTY_BODY = YES;
				CLANG_WARN_ENUM_CONVERSION = YES;
				CLANG_WARN_INFINITE_RECURSION = YES;
				CLANG_WARN_INT_CONVERSION = YES;
				CLANG_WARN_NON_LITERAL_NULL_CONVERSION = YES;
				CLANG_WARN_OBJC_IMPLICIT_RETAIN_SELF = YES;
				CLANG_WARN_OBJC_LITERAL_CONVERSION = YES;
				CLANG_WARN_OBJC_ROOT_CLASS = YES_ERROR;
				CLANG_WARN_QUOTED_INCLUDE_IN_FRAMEWORK_HEADER = YES;
				CLANG_WARN_RANGE_LOOP_ANALYSIS = YES;
				CLANG_WARN_STRICT_PROTOTYPES = YES;
				CLANG_WARN_SUSPICIOUS_MOVE = YES;
				CLANG_WARN_UNGUARDED_AVAILABILITY = YES_AGGRESSIVE;
				CLANG_WARN_UNREACHABLE_CODE = YES;
				CLANG_WARN__DUPLICATE_METHOD_MATCH = YES;
				COPY_PHASE_STRIP = NO;
				DEBUG_INFORMATION_FORMAT = dwarf;
				ENABLE_STRICT_OBJC_MSGSEND = YES;
				ENABLE_TESTABILITY = YES;
				GCC_C_LANGUAGE_STANDARD = gnu11;
				GCC_DYNAMIC_NO_PIC = NO;
				GCC_NO_COMMON_BLOCKS = YES;
				GCC_OPTIMIZATION_LEVEL = 0;
				GCC_PREPROCESSOR_DEFINITIONS = (
					"DEBUG=1",
					"$(inherited)",
				);
				GCC_WARN_64_TO_32_BIT_CONVERSION = YES;
				GCC_WARN_ABOUT_RETURN_TYPE = YES_ERROR;
				GCC_WARN_UNDECLARED_SELECTOR = YES;
				GCC_WARN_UNINITIALIZED_AUTOS = YES_AGGRESSIVE;
				GCC_WARN_UNUSED_FUNCTION = YES;
				GCC_WARN_UNUSED_VARIABLE = YES;
				IPHONEOS_DEPLOYMENT_TARGET = 14.4;
				MTL_ENABLE_DEBUG_INFO = INCLUDE_SOURCE;
				MTL_FAST_MATH = YES;
				ONLY_ACTIVE_ARCH = YES;
				SDKROOT = iphoneos;
				SWIFT_ACTIVE_COMPILATION_CONDITIONS = DEBUG;
				SWIFT_OPTIMIZATION_LEVEL = "-Onone";
			};
			name = Debug;
		};
		D5E9EFCC265EC193005E57EA /* Release */ = {
			isa = XCBuildConfiguration;
			buildSettings = {
				ALWAYS_SEARCH_USER_PATHS = NO;
				CLANG_ANALYZER_NONNULL = YES;
				CLANG_ANALYZER_NUMBER_OBJECT_CONVERSION = YES_AGGRESSIVE;
				CLANG_CXX_LANGUAGE_STANDARD = "gnu++14";
				CLANG_CXX_LIBRARY = "libc++";
				CLANG_ENABLE_MODULES = YES;
				CLANG_ENABLE_OBJC_ARC = YES;
				CLANG_ENABLE_OBJC_WEAK = YES;
				CLANG_WARN_BLOCK_CAPTURE_AUTORELEASING = YES;
				CLANG_WARN_BOOL_CONVERSION = YES;
				CLANG_WARN_COMMA = YES;
				CLANG_WARN_CONSTANT_CONVERSION = YES;
				CLANG_WARN_DEPRECATED_OBJC_IMPLEMENTATIONS = YES;
				CLANG_WARN_DIRECT_OBJC_ISA_USAGE = YES_ERROR;
				CLANG_WARN_DOCUMENTATION_COMMENTS = YES;
				CLANG_WARN_EMPTY_BODY = YES;
				CLANG_WARN_ENUM_CONVERSION = YES;
				CLANG_WARN_INFINITE_RECURSION = YES;
				CLANG_WARN_INT_CONVERSION = YES;
				CLANG_WARN_NON_LITERAL_NULL_CONVERSION = YES;
				CLANG_WARN_OBJC_IMPLICIT_RETAIN_SELF = YES;
				CLANG_WARN_OBJC_LITERAL_CONVERSION = YES;
				CLANG_WARN_OBJC_ROOT_CLASS = YES_ERROR;
				CLANG_WARN_QUOTED_INCLUDE_IN_FRAMEWORK_HEADER = YES;
				CLANG_WARN_RANGE_LOOP_ANALYSIS = YES;
				CLANG_WARN_STRICT_PROTOTYPES = YES;
				CLANG_WARN_SUSPICIOUS_MOVE = YES;
				CLANG_WARN_UNGUARDED_AVAILABILITY = YES_AGGRESSIVE;
				CLANG_WARN_UNREACHABLE_CODE = YES;
				CLANG_WARN__DUPLICATE_METHOD_MATCH = YES;
				COPY_PHASE_STRIP = NO;
				DEBUG_INFORMATION_FORMAT = "dwarf-with-dsym";
				ENABLE_NS_ASSERTIONS = NO;
				ENABLE_STRICT_OBJC_MSGSEND = YES;
				GCC_C_LANGUAGE_STANDARD = gnu11;
				GCC_NO_COMMON_BLOCKS = YES;
				GCC_WARN_64_TO_32_BIT_CONVERSION = YES;
				GCC_WARN_ABOUT_RETURN_TYPE = YES_ERROR;
				GCC_WARN_UNDECLARED_SELECTOR = YES;
				GCC_WARN_UNINITIALIZED_AUTOS = YES_AGGRESSIVE;
				GCC_WARN_UNUSED_FUNCTION = YES;
				GCC_WARN_UNUSED_VARIABLE = YES;
				IPHONEOS_DEPLOYMENT_TARGET = 14.4;
				MTL_ENABLE_DEBUG_INFO = NO;
				MTL_FAST_MATH = YES;
				SDKROOT = iphoneos;
				SWIFT_COMPILATION_MODE = wholemodule;
				SWIFT_OPTIMIZATION_LEVEL = "-O";
				VALIDATE_PRODUCT = YES;
			};
			name = Release;
		};
		D5E9EFCE265EC193005E57EA /* Debug */ = {
			isa = XCBuildConfiguration;
			buildSettings = {
				ASSETCATALOG_COMPILER_APPICON_NAME = AppIcon;
				ASSETCATALOG_COMPILER_GLOBAL_ACCENT_COLOR_NAME = AccentColor;
				CODE_SIGN_STYLE = Automatic;
				DEVELOPMENT_TEAM = N7K7YA2M3Y;
				INFOPLIST_FILE = MonBalluchon/Info.plist;
				LD_RUNPATH_SEARCH_PATHS = (
					"$(inherited)",
					"@executable_path/Frameworks",
				);
				PRODUCT_BUNDLE_IDENTIFIER = com.armellelecerf.MonBalluchon;
				PRODUCT_NAME = "$(TARGET_NAME)";
				SWIFT_VERSION = 5.0;
				TARGETED_DEVICE_FAMILY = "1,2";
			};
			name = Debug;
		};
		D5E9EFCF265EC193005E57EA /* Release */ = {
			isa = XCBuildConfiguration;
			buildSettings = {
				ASSETCATALOG_COMPILER_APPICON_NAME = AppIcon;
				ASSETCATALOG_COMPILER_GLOBAL_ACCENT_COLOR_NAME = AccentColor;
				CODE_SIGN_STYLE = Automatic;
				DEVELOPMENT_TEAM = N7K7YA2M3Y;
				INFOPLIST_FILE = MonBalluchon/Info.plist;
				LD_RUNPATH_SEARCH_PATHS = (
					"$(inherited)",
					"@executable_path/Frameworks",
				);
				PRODUCT_BUNDLE_IDENTIFIER = com.armellelecerf.MonBalluchon;
				PRODUCT_NAME = "$(TARGET_NAME)";
				SWIFT_VERSION = 5.0;
				TARGETED_DEVICE_FAMILY = "1,2";
			};
			name = Release;
		};
/* End XCBuildConfiguration section */

/* Begin XCConfigurationList section */
		D5E38E8027F9ECEB0003B519 /* Build configuration list for PBXNativeTarget "MonBalluchonTests" */ = {
			isa = XCConfigurationList;
			buildConfigurations = (
				D5E38E7E27F9ECEB0003B519 /* Debug */,
				D5E38E7F27F9ECEB0003B519 /* Release */,
			);
			defaultConfigurationIsVisible = 0;
			defaultConfigurationName = Release;
		};
		D5E9EFB4265EC192005E57EA /* Build configuration list for PBXProject "MonBalluchon" */ = {
			isa = XCConfigurationList;
			buildConfigurations = (
				D5E9EFCB265EC193005E57EA /* Debug */,
				D5E9EFCC265EC193005E57EA /* Release */,
			);
			defaultConfigurationIsVisible = 0;
			defaultConfigurationName = Release;
		};
		D5E9EFCD265EC193005E57EA /* Build configuration list for PBXNativeTarget "MonBalluchon" */ = {
			isa = XCConfigurationList;
			buildConfigurations = (
				D5E9EFCE265EC193005E57EA /* Debug */,
				D5E9EFCF265EC193005E57EA /* Release */,
			);
			defaultConfigurationIsVisible = 0;
			defaultConfigurationName = Release;
		};
/* End XCConfigurationList section */
	};
	rootObject = D5E9EFB1265EC192005E57EA /* Project object */;
}
